
Microsoft Visual Studio Solution File, Format Version 12.00
# Visual Studio Version 16
VisualStudioVersion = 16.0.29418.71
MinimumVisualStudioVersion = 10.0.40219.1
Project("{FAE04EC0-301F-11D3-BF4B-00C04F79EFBC}") = "PrintIpUpdater", "PrinterRegistry\PrintIpUpdater.csproj", "{FF01A2AB-B1CF-4773-8B3B-A98F493FAD50}"
EndProject
Global
	GlobalSection(SolutionConfigurationPlatforms) = preSolution
		Debug|Any CPU = Debug|Any CPU
		Release|Any CPU = Release|Any CPU
	EndGlobalSection
	GlobalSection(ProjectConfigurationPlatforms) = postSolution
		{FF01A2AB-B1CF-4773-8B3B-A98F493FAD50}.Debug|Any CPU.ActiveCfg = Debug|Any CPU
		{FF01A2AB-B1CF-4773-8B3B-A98F493FAD50}.Debug|Any CPU.Build.0 = Debug|Any CPU
		{FF01A2AB-B1CF-4773-8B3B-A98F493FAD50}.Release|Any CPU.ActiveCfg = Release|Any CPU
		{FF01A2AB-B1CF-4773-8B3B-A98F493FAD50}.Release|Any CPU.Build.0 = Release|Any CPU
	EndGlobalSection
	GlobalSection(SolutionProperties) = preSolution
		HideSolutionNode = FALSE
	EndGlobalSection
	GlobalSection(ExtensibilityGlobals) = postSolution
		SolutionGuid = {2729DF2D-A043-4970-86D5-08ADB3CC890C}
	EndGlobalSection
EndGlobal
